
Microsoft Visual Studio Solution File, Format Version 12.00
# Visual Studio 2012
Project("{FAE04EC0-301F-11D3-BF4B-00C04F79EFBC}") = "XpathSandbox", "XpathSandbox\XpathSandbox.csproj", "{0311D92C-F4AE-47D1-9DEB-05E220576326}"
EndProject
Project("{FAE04EC0-301F-11D3-BF4B-00C04F79EFBC}") = "ClosedXmlSandbox", "ClosedXmlSandbox\ClosedXmlSandbox.csproj", "{F410FF2C-98AB-46EB-9963-9C8492A6F14D}"
EndProject
Global
	GlobalSection(SolutionConfigurationPlatforms) = preSolution
		Debug|Any CPU = Debug|Any CPU
		Release|Any CPU = Release|Any CPU
	EndGlobalSection
	GlobalSection(ProjectConfigurationPlatforms) = postSolution
		{0311D92C-F4AE-47D1-9DEB-05E220576326}.Debug|Any CPU.ActiveCfg = Debug|Any CPU
		{0311D92C-F4AE-47D1-9DEB-05E220576326}.Debug|Any CPU.Build.0 = Debug|Any CPU
		{0311D92C-F4AE-47D1-9DEB-05E220576326}.Release|Any CPU.ActiveCfg = Release|Any CPU
		{0311D92C-F4AE-47D1-9DEB-05E220576326}.Release|Any CPU.Build.0 = Release|Any CPU
		{F410FF2C-98AB-46EB-9963-9C8492A6F14D}.Debug|Any CPU.ActiveCfg = Debug|Any CPU
		{F410FF2C-98AB-46EB-9963-9C8492A6F14D}.Debug|Any CPU.Build.0 = Debug|Any CPU
		{F410FF2C-98AB-46EB-9963-9C8492A6F14D}.Release|Any CPU.ActiveCfg = Release|Any CPU
		{F410FF2C-98AB-46EB-9963-9C8492A6F14D}.Release|Any CPU.Build.0 = Release|Any CPU
	EndGlobalSection
	GlobalSection(SolutionProperties) = preSolution
		HideSolutionNode = FALSE
	EndGlobalSection
EndGlobal
